
Microsoft Visual Studio Solution File, Format Version 12.00
# Visual Studio Version 16
VisualStudioVersion = 16.0.29613.14
MinimumVisualStudioVersion = 10.0.40219.1
Project("{FAE04EC0-301F-11D3-BF4B-00C04F79EFBC}") = "Lab2", "Lab2.csproj", "{A3C54608-7B9E-4492-A3DE-5AF17B5BEC03}"
EndProject
Global
	GlobalSection(SolutionConfigurationPlatforms) = preSolution
		Debug|Any CPU = Debug|Any CPU
		Release|Any CPU = Release|Any CPU
	EndGlobalSection
	GlobalSection(ProjectConfigurationPlatforms) = postSolution
		{A3C54608-7B9E-4492-A3DE-5AF17B5BEC03}.Debug|Any CPU.ActiveCfg = Debug|Any CPU
		{A3C54608-7B9E-4492-A3DE-5AF17B5BEC03}.Debug|Any CPU.Build.0 = Debug|Any CPU
		{A3C54608-7B9E-4492-A3DE-5AF17B5BEC03}.Release|Any CPU.ActiveCfg = Release|Any CPU
		{A3C54608-7B9E-4492-A3DE-5AF17B5BEC03}.Release|Any CPU.Build.0 = Release|Any CPU
	EndGlobalSection
	GlobalSection(SolutionProperties) = preSolution
		HideSolutionNode = FALSE
	EndGlobalSection
	GlobalSection(ExtensibilityGlobals) = postSolution
		SolutionGuid = {71D0AD3E-C585-4ADB-B71D-F12FF18EF1BD}
	EndGlobalSection
EndGlobal
